<?xml version="1.0" encoding="utf-8"?>
<Project ToolsVersion="4.0" xmlns="http://schemas.microsoft.com/developer/msbuild/2003">
  <ItemGroup>
    <Filter Include="Source Files">
      <UniqueIdentifier>{4FC737F1-C7A5-4376-A066-2A32D752A2FF}</UniqueIdentifier>
      <Extensions>cpp;c;cc;cxx;def;odl;idl;hpj;bat;asm;asmx</Extensions>
    </Filter>
    <Filter Include="Header Files">
      <UniqueIdentifier>{93995380-89BD-4b04-88EB-625FBE52EBFB}</UniqueIdentifier>
      <Extensions>h;hh;hpp;hxx;hm;inl;inc;ipp;xsd</Extensions>
    </Filter>
    <Filter Include="Resource Files">
      <UniqueIdentifier>{67DA6AB6-F800-4c08-8B7A-83BB121AAD01}</UniqueIdentifier>
      <Extensions>rc;ico;cur;bmp;dlg;rc2;rct;bin;rgs;gif;jpg;jpeg;jpe;resx;tiff;tif;png;wav;mfcribbon-ms</Extensions>
    </Filter>
    <Filter Include="Header Files\Spells">
      <UniqueIdentifier>{5c5c372d-e29f-4c09-988d-ded1b2ec6bcb}</UniqueIdentifier>
    </Filter>
    <Filter Include="Header Files\Helpers">
      <UniqueIdentifier>{4e083eaf-775b-428b-b48d-b8acd973cd5e}</UniqueIdentifier>
    </Filter>
    <Filter Include="Source Files\Spells">
      <UniqueIdentifier>{8e7db6d8-44de-477c-a396-aecaec2bdf99}</UniqueIdentifier>
    </Filter>
    <Filter Include="Source Files\Helpers">
      <UniqueIdentifier>{39c35b0f-910f-4d3d-9f2a-28001328674d}</UniqueIdentifier>
    </Filter>
  </ItemGroup>
  <ItemGroup>
    <ClInclude Include="SpellList.h">
      <Filter>Header Files\Spells</Filter>
    </ClInclude>
    <ClInclude Include="RGBCOLOR.h">
      <Filter>Header Files\Helpers</Filter>
    </ClInclude>
  </ItemGroup>
  <ItemGroup>
    <ClCompile Include="PixelReader.cpp">
      <Filter>Source Files</Filter>
    </ClCompile>
    <ClCompile Include="SpellList.cpp">
      <Filter>Source Files\Spells</Filter>
    </ClCompile>
    <ClCompile Include="RGBCOLOR.cpp">
      <Filter>Source Files\Helpers</Filter>
    </ClCompile>
  </ItemGroup>
</Project>