
Microsoft Visual Studio Solution File, Format Version 12.00
# Visual Studio 15
VisualStudioVersion = 15.0.28010.2041
MinimumVisualStudioVersion = 10.0.40219.1
Project("{8BC9CEB8-8B4A-11D0-8D11-00A0C91BC942}") = "ConsoleApplication1", "ConsoleApplication1\ConsoleApplication1.vcxproj", "{24612D45-FBE1-49C6-A8E5-C9C45F165750}"
EndProject
Global
	GlobalSection(SolutionConfigurationPlatforms) = preSolution
		Debug|x64 = Debug|x64
		Debug|x86 = Debug|x86
		Release|x64 = Release|x64
		Release|x86 = Release|x86
	EndGlobalSection
	GlobalSection(ProjectConfigurationPlatforms) = postSolution
		{24612D45-FBE1-49C6-A8E5-C9C45F165750}.Debug|x64.ActiveCfg = Debug|x64
		{24612D45-FBE1-49C6-A8E5-C9C45F165750}.Debug|x64.Build.0 = Debug|x64
		{24612D45-FBE1-49C6-A8E5-C9C45F165750}.Debug|x86.ActiveCfg = Debug|Win32
		{24612D45-FBE1-49C6-A8E5-C9C45F165750}.Debug|x86.Build.0 = Debug|Win32
		{24612D45-FBE1-49C6-A8E5-C9C45F165750}.Release|x64.ActiveCfg = Release|x64
		{24612D45-FBE1-49C6-A8E5-C9C45F165750}.Release|x64.Build.0 = Release|x64
		{24612D45-FBE1-49C6-A8E5-C9C45F165750}.Release|x86.ActiveCfg = Release|Win32
		{24612D45-FBE1-49C6-A8E5-C9C45F165750}.Release|x86.Build.0 = Release|Win32
	EndGlobalSection
	GlobalSection(SolutionProperties) = preSolution
		HideSolutionNode = FALSE
	EndGlobalSection
	GlobalSection(ExtensibilityGlobals) = postSolution
		SolutionGuid = {36F79DF7-B54A-4BBE-852C-9C1B12140317}
	EndGlobalSection
EndGlobal
